
Microsoft Visual Studio Solution File, Format Version 12.00
# Visual Studio 15
Project("{FAE04EC0-301F-11D3-BF4B-00C04F79EFBC}") = "compartimallorca", "Assembly-CSharp.csproj", "{A19190FE-36DB-C905-308B-EE68B9CD0A22}"
EndProject
Global
	GlobalSection(SolutionConfigurationPlatforms) = preSolution
		Debug|Any CPU = Debug|Any CPU
		Release|Any CPU = Release|Any CPU
	EndGlobalSection
	GlobalSection(ProjectConfigurationPlatforms) = postSolution
		{A19190FE-36DB-C905-308B-EE68B9CD0A22}.Debug|Any CPU.ActiveCfg = Debug|Any CPU
		{A19190FE-36DB-C905-308B-EE68B9CD0A22}.Debug|Any CPU.Build.0 = Debug|Any CPU
		{A19190FE-36DB-C905-308B-EE68B9CD0A22}.Release|Any CPU.ActiveCfg = Release|Any CPU
		{A19190FE-36DB-C905-308B-EE68B9CD0A22}.Release|Any CPU.Build.0 = Release|Any CPU
	EndGlobalSection
	GlobalSection(SolutionProperties) = preSolution
		HideSolutionNode = FALSE
	EndGlobalSection
EndGlobal
